DEPENDENCIES
  apt
  chef-server-cluster
    git: git://github.com/opscode-cookbooks/chef-server-cluster.git
    revision: d1f56aec89502a5e0fcfde4fec875859e4660187
  chef-server-ingredient
    git: git://github.com/opscode-cookbooks/chef-server-ingredient.git
    revision: 7c610dbcab28bc696d3759a3964792a73ea6fa79
  chef-vault
  lvm
  omnibus-artifactory-artifact
    git: git@github.com:opscode-cookbooks/omnibus-artifactory-artifact.git
    revision: 33ba0e6479543feed498c202bdf269d0a65386bd
  qa-chef-server-cluster
    path: .
    metadata: true

GRAPH
  apt (2.7.0)
  build-essential (2.2.3)
  chef-server-cluster (0.0.9)
    chef-server-ingredient (>= 0.0.0)
    chef-vault (>= 0.0.0)
  chef-server-ingredient (0.3.1)
    packagecloud (>= 0.0.0)
  chef-vault (1.3.0)
  lvm (1.3.6)
  omnibus-artifactory-artifact (0.1.0)
  packagecloud (0.0.17)
  qa-chef-server-cluster (0.1.0)
    apt (>= 0.0.0)
    build-essential (>= 0.0.0)
    chef-server-cluster (>= 0.0.0)
    lvm (>= 0.0.0)
    omnibus-artifactory-artifact (>= 0.0.0)
