DEPENDENCIES
  apt
  chef-server-cluster
    git: git://github.com/opscode-cookbooks/chef-server-cluster.git
    revision: 31993972e5c16045e918c8bfd3d0ccbfeca8a1bb
  chef-server-ingredient
    git: git://github.com/opscode-cookbooks/chef-server-ingredient.git
    revision: 1ce6c44406dc6c1cd844ea4086cfcf52ee831e14
  chef-vault
  lvm
  omnibus-artifactory-artifact
    git: git@github.com:opscode-cookbooks/omnibus-artifactory-artifact.git
    revision: a33c065495c3f18d93a2e1a4b9e0d993352c957a
    branch: 0.2.2
  qa-chef-server-cluster
    path: .
    metadata: true

GRAPH
  apt (2.7.0)
  build-essential (2.2.3)
  chef-server-cluster (0.0.9)
    chef-server-ingredient (>= 0.0.0)
    chef-vault (>= 0.0.0)
  chef-server-ingredient (0.3.2)
    packagecloud (>= 0.0.0)
  chef-vault (1.3.0)
  lvm (1.3.6)
  omnibus-artifactory-artifact (0.2.2)
  packagecloud (0.0.17)
  qa-chef-server-cluster (0.1.0)
    apt (>= 0.0.0)
    build-essential (>= 0.0.0)
    chef-server-cluster (>= 0.0.0)
    lvm (>= 0.0.0)
    omnibus-artifactory-artifact (>= 0.0.0)
